
Microsoft Visual Studio Solution File, Format Version 12.00
# Visual Studio Version 16
VisualStudioVersion = 16.0.31729.503
MinimumVisualStudioVersion = 10.0.40219.1
Project("{FAE04EC0-301F-11D3-BF4B-00C04F79EFBC}") = "FactoryPatternExercise02", "FactoryPatternExercise02\FactoryPatternExercise02.csproj", "{73216DF2-8597-40FC-8B09-ADC6EEFD8069}"
EndProject
Global
	GlobalSection(SolutionConfigurationPlatforms) = preSolution
		Debug|Any CPU = Debug|Any CPU
		Release|Any CPU = Release|Any CPU
	EndGlobalSection
	GlobalSection(ProjectConfigurationPlatforms) = postSolution
		{73216DF2-8597-40FC-8B09-ADC6EEFD8069}.Debug|Any CPU.ActiveCfg = Debug|Any CPU
		{73216DF2-8597-40FC-8B09-ADC6EEFD8069}.Debug|Any CPU.Build.0 = Debug|Any CPU
		{73216DF2-8597-40FC-8B09-ADC6EEFD8069}.Release|Any CPU.ActiveCfg = Release|Any CPU
		{73216DF2-8597-40FC-8B09-ADC6EEFD8069}.Release|Any CPU.Build.0 = Release|Any CPU
	EndGlobalSection
	GlobalSection(SolutionProperties) = preSolution
		HideSolutionNode = FALSE
	EndGlobalSection
	GlobalSection(ExtensibilityGlobals) = postSolution
		SolutionGuid = {BB81FEA0-3B26-47EB-BCBC-4CFEE7CBAE8C}
	EndGlobalSection
EndGlobal
